
Microsoft Visual Studio Solution File, Format Version 12.00
# Visual Studio Version 16
VisualStudioVersion = 16.0.810.2
MinimumVisualStudioVersion = 10.0.40219.1
Project("{FAE04EC0-301F-11D3-BF4B-00C04F79EFBC}") = "SkillsHunterAPI", "SkillsHunterAPI.csproj", "{5765300E-4CBE-48DB-9AA9-419E37AD67D9}"
EndProject
Project("{FAE04EC0-301F-11D3-BF4B-00C04F79EFBC}") = "SkillsHunterUserUnitTest", "SkillsHunterUserUnitTest\SkillsHunterUserUnitTest.csproj", "{E68F167D-5275-4915-A14D-FFD6F0374337}"
EndProject
Project("{FAE04EC0-301F-11D3-BF4B-00C04F79EFBC}") = "SkillsHunterAPIAdminUnitTest", "SkillsHunterAPIAdminUnitTest\SkillsHunterAPIAdminUnitTest.csproj", "{F2C26E1A-3A72-4AD3-8966-9B185985D8A4}"
EndProject
Global
	GlobalSection(SolutionConfigurationPlatforms) = preSolution
		Debug|Any CPU = Debug|Any CPU
		Release|Any CPU = Release|Any CPU
	EndGlobalSection
	GlobalSection(ProjectConfigurationPlatforms) = postSolution
		{5765300E-4CBE-48DB-9AA9-419E37AD67D9}.Debug|Any CPU.ActiveCfg = Debug|Any CPU
		{5765300E-4CBE-48DB-9AA9-419E37AD67D9}.Debug|Any CPU.Build.0 = Debug|Any CPU
		{5765300E-4CBE-48DB-9AA9-419E37AD67D9}.Release|Any CPU.ActiveCfg = Release|Any CPU
		{5765300E-4CBE-48DB-9AA9-419E37AD67D9}.Release|Any CPU.Build.0 = Release|Any CPU
		{E68F167D-5275-4915-A14D-FFD6F0374337}.Debug|Any CPU.ActiveCfg = Debug|Any CPU
		{E68F167D-5275-4915-A14D-FFD6F0374337}.Debug|Any CPU.Build.0 = Debug|Any CPU
		{E68F167D-5275-4915-A14D-FFD6F0374337}.Release|Any CPU.ActiveCfg = Release|Any CPU
		{E68F167D-5275-4915-A14D-FFD6F0374337}.Release|Any CPU.Build.0 = Release|Any CPU
		{F2C26E1A-3A72-4AD3-8966-9B185985D8A4}.Debug|Any CPU.ActiveCfg = Debug|Any CPU
		{F2C26E1A-3A72-4AD3-8966-9B185985D8A4}.Debug|Any CPU.Build.0 = Debug|Any CPU
		{F2C26E1A-3A72-4AD3-8966-9B185985D8A4}.Release|Any CPU.ActiveCfg = Release|Any CPU
		{F2C26E1A-3A72-4AD3-8966-9B185985D8A4}.Release|Any CPU.Build.0 = Release|Any CPU
	EndGlobalSection
	GlobalSection(SolutionProperties) = preSolution
		HideSolutionNode = FALSE
	EndGlobalSection
	GlobalSection(ExtensibilityGlobals) = postSolution
		SolutionGuid = {A1E05436-C2C5-4338-981D-794423EEC9D2}
	EndGlobalSection
EndGlobal
